
Microsoft Visual Studio Solution File, Format Version 12.00
# Visual Studio Version 17
VisualStudioVersion = 17.14.36212.18
MinimumVisualStudioVersion = 10.0.40219.1
Project("{FAE04EC0-301F-11D3-BF4B-00C04F79EFBC}") = "Calculator", "Calculator\Calculator.csproj", "{DFFB9856-376C-4C3E-AB69-FF183C3C2A8B}"
EndProject
Project("{2150E333-8FDC-42A3-9474-1A3956D46DE8}") = "Exercice1", "Exercice1", "{7FB227F2-87F0-4D31-95F0-AAFD52EFC89E}"
EndProject
Project("{2150E333-8FDC-42A3-9474-1A3956D46DE8}") = "Exercice2", "Exercice2", "{CE1B8D5B-3BE6-48DF-BD3D-5FC91A34EC41}"
EndProject
Project("{FAE04EC0-301F-11D3-BF4B-00C04F79EFBC}") = "Calculator.UnitTest", "Calculator.UnitTest\Calculator.UnitTest.csproj", "{7974D2F8-55CF-442D-86D4-45D0ACB41FE2}"
EndProject
Project("{FAE04EC0-301F-11D3-BF4B-00C04F79EFBC}") = "Processor", "Processor\Processor.csproj", "{6489A4A6-E642-4E7B-AAE4-EEE4A683604D}"
EndProject
Project("{FAE04EC0-301F-11D3-BF4B-00C04F79EFBC}") = "Processor.UnitTest", "Processor.UnitTest\Processor.UnitTest.csproj", "{4B46D32F-69AA-4308-BE74-D8C9000B5C8A}"
EndProject
Project("{2150E333-8FDC-42A3-9474-1A3956D46DE8}") = "Exercice3", "Exercice3", "{A1C7BD18-1858-4BEB-88F0-05A64E59B0DE}"
EndProject
Project("{FAE04EC0-301F-11D3-BF4B-00C04F79EFBC}") = "Bank", "Bank\Bank.csproj", "{CA45599F-DA5E-4AE8-BF6E-BE85F28F08DF}"
EndProject
Project("{FAE04EC0-301F-11D3-BF4B-00C04F79EFBC}") = "Bank.UnitTest", "Bank.UnitTest\Bank.UnitTest.csproj", "{FA35C51A-550F-43D1-AC65-CEC3CB2E65EC}"
EndProject
Project("{2150E333-8FDC-42A3-9474-1A3956D46DE8}") = "Exercice4", "Exercice4", "{48044F88-3883-484B-95B1-DD7DF537B72E}"
EndProject
Project("{FAE04EC0-301F-11D3-BF4B-00C04F79EFBC}") = "Management", "Management\Management.csproj", "{E326A546-FA4B-4EEF-94B7-740CB78AAC6C}"
EndProject
Project("{FAE04EC0-301F-11D3-BF4B-00C04F79EFBC}") = "Management.UnitTest", "Management.UnitTest\Management.UnitTest.csproj", "{9968ED87-CE3A-40A4-94A6-8510096AB1D2}"
EndProject
Project("{2150E333-8FDC-42A3-9474-1A3956D46DE8}") = "Exercice5", "Exercice5", "{EA426A84-DDD4-468D-9BB6-84E3FF63CA68}"
EndProject
Project("{2150E333-8FDC-42A3-9474-1A3956D46DE8}") = "Exercice0", "Exercice0", "{635B9251-162C-499F-B11A-E50B9312A426}"
EndProject
Project("{FAE04EC0-301F-11D3-BF4B-00C04F79EFBC}") = "LearningUnitTest", "LearningUnitTest\LearningUnitTest.csproj", "{F393A702-E53B-47D1-BE97-4C6087BA6237}"
EndProject
Project("{FAE04EC0-301F-11D3-BF4B-00C04F79EFBC}") = "Notification", "Notification\Notification.csproj", "{0254661C-BD7D-4DCB-9309-6783BE41C414}"
EndProject
Project("{FAE04EC0-301F-11D3-BF4B-00C04F79EFBC}") = "Notification.UnitTest", "Notification.UnitTest\Notification.UnitTest.csproj", "{705AF0C9-E9AC-47A0-A24D-5D12480F0466}"
EndProject
Project("{FAE04EC0-301F-11D3-BF4B-00C04F79EFBC}") = "Learning", "Learning\Learning.csproj", "{80F3E06C-24B3-44C7-9495-C53783EFEEEC}"
EndProject
Project("{2150E333-8FDC-42A3-9474-1A3956D46DE8}") = "TP_Tournoi", "TP_Tournoi", "{02EA681E-C7D8-13C7-8484-4AC65E1B71E8}"
EndProject
Project("{FAE04EC0-301F-11D3-BF4B-00C04F79EFBC}") = "TournamentScoring", "TournamentScoring\TournamentScoring.csproj", "{6F45D395-BB8F-4ABF-B8CF-EA993041F781}"
EndProject
Project("{FAE04EC0-301F-11D3-BF4B-00C04F79EFBC}") = "TournamentScoring.Tests", "TournamentScoring.Tests\TournamentScoring.Tests.csproj", "{65752180-8899-416D-852F-AE357EF5CB6B}"
EndProject
Global
	GlobalSection(SolutionConfigurationPlatforms) = preSolution
		Debug|Any CPU = Debug|Any CPU
		Release|Any CPU = Release|Any CPU
	EndGlobalSection
	GlobalSection(ProjectConfigurationPlatforms) = postSolution
		{DFFB9856-376C-4C3E-AB69-FF183C3C2A8B}.Debug|Any CPU.ActiveCfg = Debug|Any CPU
		{DFFB9856-376C-4C3E-AB69-FF183C3C2A8B}.Debug|Any CPU.Build.0 = Debug|Any CPU
		{DFFB9856-376C-4C3E-AB69-FF183C3C2A8B}.Release|Any CPU.ActiveCfg = Release|Any CPU
		{DFFB9856-376C-4C3E-AB69-FF183C3C2A8B}.Release|Any CPU.Build.0 = Release|Any CPU
		{7974D2F8-55CF-442D-86D4-45D0ACB41FE2}.Debug|Any CPU.ActiveCfg = Debug|Any CPU
		{7974D2F8-55CF-442D-86D4-45D0ACB41FE2}.Debug|Any CPU.Build.0 = Debug|Any CPU
		{7974D2F8-55CF-442D-86D4-45D0ACB41FE2}.Release|Any CPU.ActiveCfg = Release|Any CPU
		{7974D2F8-55CF-442D-86D4-45D0ACB41FE2}.Release|Any CPU.Build.0 = Release|Any CPU
		{6489A4A6-E642-4E7B-AAE4-EEE4A683604D}.Debug|Any CPU.ActiveCfg = Debug|Any CPU
		{6489A4A6-E642-4E7B-AAE4-EEE4A683604D}.Debug|Any CPU.Build.0 = Debug|Any CPU
		{6489A4A6-E642-4E7B-AAE4-EEE4A683604D}.Release|Any CPU.ActiveCfg = Release|Any CPU
		{6489A4A6-E642-4E7B-AAE4-EEE4A683604D}.Release|Any CPU.Build.0 = Release|Any CPU
		{4B46D32F-69AA-4308-BE74-D8C9000B5C8A}.Debug|Any CPU.ActiveCfg = Debug|Any CPU
		{4B46D32F-69AA-4308-BE74-D8C9000B5C8A}.Debug|Any CPU.Build.0 = Debug|Any CPU
		{4B46D32F-69AA-4308-BE74-D8C9000B5C8A}.Release|Any CPU.ActiveCfg = Release|Any CPU
		{4B46D32F-69AA-4308-BE74-D8C9000B5C8A}.Release|Any CPU.Build.0 = Release|Any CPU
		{CA45599F-DA5E-4AE8-BF6E-BE85F28F08DF}.Debug|Any CPU.ActiveCfg = Debug|Any CPU
		{CA45599F-DA5E-4AE8-BF6E-BE85F28F08DF}.Debug|Any CPU.Build.0 = Debug|Any CPU
		{CA45599F-DA5E-4AE8-BF6E-BE85F28F08DF}.Release|Any CPU.ActiveCfg = Release|Any CPU
		{CA45599F-DA5E-4AE8-BF6E-BE85F28F08DF}.Release|Any CPU.Build.0 = Release|Any CPU
		{FA35C51A-550F-43D1-AC65-CEC3CB2E65EC}.Debug|Any CPU.ActiveCfg = Debug|Any CPU
		{FA35C51A-550F-43D1-AC65-CEC3CB2E65EC}.Debug|Any CPU.Build.0 = Debug|Any CPU
		{FA35C51A-550F-43D1-AC65-CEC3CB2E65EC}.Release|Any CPU.ActiveCfg = Release|Any CPU
		{FA35C51A-550F-43D1-AC65-CEC3CB2E65EC}.Release|Any CPU.Build.0 = Release|Any CPU
		{E326A546-FA4B-4EEF-94B7-740CB78AAC6C}.Debug|Any CPU.ActiveCfg = Debug|Any CPU
		{E326A546-FA4B-4EEF-94B7-740CB78AAC6C}.Debug|Any CPU.Build.0 = Debug|Any CPU
		{E326A546-FA4B-4EEF-94B7-740CB78AAC6C}.Release|Any CPU.ActiveCfg = Release|Any CPU
		{E326A546-FA4B-4EEF-94B7-740CB78AAC6C}.Release|Any CPU.Build.0 = Release|Any CPU
		{9968ED87-CE3A-40A4-94A6-8510096AB1D2}.Debug|Any CPU.ActiveCfg = Debug|Any CPU
		{9968ED87-CE3A-40A4-94A6-8510096AB1D2}.Debug|Any CPU.Build.0 = Debug|Any CPU
		{9968ED87-CE3A-40A4-94A6-8510096AB1D2}.Release|Any CPU.ActiveCfg = Release|Any CPU
		{9968ED87-CE3A-40A4-94A6-8510096AB1D2}.Release|Any CPU.Build.0 = Release|Any CPU
		{F393A702-E53B-47D1-BE97-4C6087BA6237}.Debug|Any CPU.ActiveCfg = Debug|Any CPU
		{F393A702-E53B-47D1-BE97-4C6087BA6237}.Debug|Any CPU.Build.0 = Debug|Any CPU
		{F393A702-E53B-47D1-BE97-4C6087BA6237}.Release|Any CPU.ActiveCfg = Release|Any CPU
		{F393A702-E53B-47D1-BE97-4C6087BA6237}.Release|Any CPU.Build.0 = Release|Any CPU
		{0254661C-BD7D-4DCB-9309-6783BE41C414}.Debug|Any CPU.ActiveCfg = Debug|Any CPU
		{0254661C-BD7D-4DCB-9309-6783BE41C414}.Debug|Any CPU.Build.0 = Debug|Any CPU
		{0254661C-BD7D-4DCB-9309-6783BE41C414}.Release|Any CPU.ActiveCfg = Release|Any CPU
		{0254661C-BD7D-4DCB-9309-6783BE41C414}.Release|Any CPU.Build.0 = Release|Any CPU
		{705AF0C9-E9AC-47A0-A24D-5D12480F0466}.Debug|Any CPU.ActiveCfg = Debug|Any CPU
		{705AF0C9-E9AC-47A0-A24D-5D12480F0466}.Debug|Any CPU.Build.0 = Debug|Any CPU
		{705AF0C9-E9AC-47A0-A24D-5D12480F0466}.Release|Any CPU.ActiveCfg = Release|Any CPU
		{705AF0C9-E9AC-47A0-A24D-5D12480F0466}.Release|Any CPU.Build.0 = Release|Any CPU
		{80F3E06C-24B3-44C7-9495-C53783EFEEEC}.Debug|Any CPU.ActiveCfg = Debug|Any CPU
		{80F3E06C-24B3-44C7-9495-C53783EFEEEC}.Debug|Any CPU.Build.0 = Debug|Any CPU
		{80F3E06C-24B3-44C7-9495-C53783EFEEEC}.Release|Any CPU.ActiveCfg = Release|Any CPU
		{80F3E06C-24B3-44C7-9495-C53783EFEEEC}.Release|Any CPU.Build.0 = Release|Any CPU
		{6F45D395-BB8F-4ABF-B8CF-EA993041F781}.Debug|Any CPU.ActiveCfg = Debug|Any CPU
		{6F45D395-BB8F-4ABF-B8CF-EA993041F781}.Debug|Any CPU.Build.0 = Debug|Any CPU
		{6F45D395-BB8F-4ABF-B8CF-EA993041F781}.Release|Any CPU.ActiveCfg = Release|Any CPU
		{6F45D395-BB8F-4ABF-B8CF-EA993041F781}.Release|Any CPU.Build.0 = Release|Any CPU
		{65752180-8899-416D-852F-AE357EF5CB6B}.Debug|Any CPU.ActiveCfg = Debug|Any CPU
		{65752180-8899-416D-852F-AE357EF5CB6B}.Debug|Any CPU.Build.0 = Debug|Any CPU
		{65752180-8899-416D-852F-AE357EF5CB6B}.Release|Any CPU.ActiveCfg = Release|Any CPU
		{65752180-8899-416D-852F-AE357EF5CB6B}.Release|Any CPU.Build.0 = Release|Any CPU
	EndGlobalSection
	GlobalSection(SolutionProperties) = preSolution
		HideSolutionNode = FALSE
	EndGlobalSection
	GlobalSection(NestedProjects) = preSolution
		{DFFB9856-376C-4C3E-AB69-FF183C3C2A8B} = {7FB227F2-87F0-4D31-95F0-AAFD52EFC89E}
		{7974D2F8-55CF-442D-86D4-45D0ACB41FE2} = {7FB227F2-87F0-4D31-95F0-AAFD52EFC89E}
		{6489A4A6-E642-4E7B-AAE4-EEE4A683604D} = {CE1B8D5B-3BE6-48DF-BD3D-5FC91A34EC41}
		{4B46D32F-69AA-4308-BE74-D8C9000B5C8A} = {CE1B8D5B-3BE6-48DF-BD3D-5FC91A34EC41}
		{CA45599F-DA5E-4AE8-BF6E-BE85F28F08DF} = {A1C7BD18-1858-4BEB-88F0-05A64E59B0DE}
		{FA35C51A-550F-43D1-AC65-CEC3CB2E65EC} = {A1C7BD18-1858-4BEB-88F0-05A64E59B0DE}
		{E326A546-FA4B-4EEF-94B7-740CB78AAC6C} = {48044F88-3883-484B-95B1-DD7DF537B72E}
		{9968ED87-CE3A-40A4-94A6-8510096AB1D2} = {48044F88-3883-484B-95B1-DD7DF537B72E}
		{F393A702-E53B-47D1-BE97-4C6087BA6237} = {635B9251-162C-499F-B11A-E50B9312A426}
		{0254661C-BD7D-4DCB-9309-6783BE41C414} = {EA426A84-DDD4-468D-9BB6-84E3FF63CA68}
		{705AF0C9-E9AC-47A0-A24D-5D12480F0466} = {EA426A84-DDD4-468D-9BB6-84E3FF63CA68}
		{80F3E06C-24B3-44C7-9495-C53783EFEEEC} = {635B9251-162C-499F-B11A-E50B9312A426}
		{6F45D395-BB8F-4ABF-B8CF-EA993041F781} = {02EA681E-C7D8-13C7-8484-4AC65E1B71E8}
		{65752180-8899-416D-852F-AE357EF5CB6B} = {02EA681E-C7D8-13C7-8484-4AC65E1B71E8}
	EndGlobalSection
	GlobalSection(ExtensibilityGlobals) = postSolution
		SolutionGuid = {8F78BC8B-8DCD-49C4-9D5B-AAD78A337B48}
	EndGlobalSection
EndGlobal
